{
  "lockfileVersion": 1,
  "configVersion": 1,
  "workspaces": {
    "": {
      "name": "notifications-service",
      "dependencies": {
        "@aws-sdk/client-sqs": "^3.750.0",
        "@hono/node-server": "^1.14.0",
        "hono": "^4.7.0",
      },
      "devDependencies": {
        "@types/node": "^22.0.0",
        "tsx": "^4.19.0",
        "typescript": "^5.7.0",
      },
    },
  },
  "packages": {
    "@aws-crypto/sha256-browser": ["@aws-crypto/sha256-browser@5.2.0", "", { "dependencies": { "@aws-crypto/sha256-js": "^5.2.0", "@aws-crypto/supports-web-crypto": "^5.2.0", "@aws-crypto/util": "^5.2.0", "@aws-sdk/types": "^3.222.0", "@aws-sdk/util-locate-window": "^3.0.0", "@smithy/util-utf8": "^2.0.0", "tslib": "^2.6.2" } }, "sha512-AXfN/lGotSQwu6HNcEsIASo7kWXZ5HYWvfOmSNKDsEqC4OashTp8alTmaz+F7TC2L083SFv5RdB+qU3Vs1kZqw=="],

    "@aws-crypto/sha256-js": ["@aws-crypto/sha256-js@5.2.0", "", { "dependencies": { "@aws-crypto/util": "^5.2.0", "@aws-sdk/types": "^3.222.0", "tslib": "^2.6.2" } }, "sha512-FFQQyu7edu4ufvIZ+OadFpHHOt+eSTBaYaki44c+akjg7qZg9oOQeLlk77F6tSYqjDAFClrHJk9tMf0HdVyOvA=="],

    "@aws-crypto/supports-web-crypto": ["@aws-crypto/supports-web-crypto@5.2.0", "", { "dependencies": { "tslib": "^2.6.2" } }, "sha512-iAvUotm021kM33eCdNfwIN//F77/IADDSs58i+MDaOqFrVjZo9bAal0NK7HurRuWLLpF1iLX7gbWrjHjeo+YFg=="],

    "@aws-crypto/util": ["@aws-crypto/util@5.2.0", "", { "dependencies": { "@aws-sdk/types": "^3.222.0", "@smithy/util-utf8": "^2.0.0", "tslib": "^2.6.2" } }, "sha512-4RkU9EsI6ZpBve5fseQlGNUWKMa1RLPQ1dnjnQoe07ldfIzcsGb5hC5W0Dm7u423KWzawlrpbjXBrXCEv9zazQ=="],

    "@aws-sdk/client-sqs": ["@aws-sdk/client-sqs@3.1006.0", "", { "dependencies": { "@aws-crypto/sha256-browser": "5.2.0", "@aws-crypto/sha256-js": "5.2.0", "@aws-sdk/core": "^3.973.19", "@aws-sdk/credential-provider-node": "^3.972.19", "@aws-sdk/middleware-host-header": "^3.972.7", "@aws-sdk/middleware-logger": "^3.972.7", "@aws-sdk/middleware-recursion-detection": "^3.972.7", "@aws-sdk/middleware-sdk-sqs": "^3.972.14", "@aws-sdk/middleware-user-agent": "^3.972.20", "@aws-sdk/region-config-resolver": "^3.972.7", "@aws-sdk/types": "^3.973.5", "@aws-sdk/util-endpoints": "^3.996.4", "@aws-sdk/util-user-agent-browser": "^3.972.7", "@aws-sdk/util-user-agent-node": "^3.973.5", "@smithy/config-resolver": "^4.4.10", "@smithy/core": "^3.23.9", "@smithy/fetch-http-handler": "^5.3.13", "@smithy/hash-node": "^4.2.11", "@smithy/invalid-dependency": "^4.2.11", "@smithy/md5-js": "^4.2.11", "@smithy/middleware-content-length": "^4.2.11", "@smithy/middleware-endpoint": "^4.4.23", "@smithy/middleware-retry": "^4.4.40", "@smithy/middleware-serde": "^4.2.12", "@smithy/middleware-stack": "^4.2.11", "@smithy/node-config-provider": "^4.3.11", "@smithy/node-http-handler": "^4.4.14", "@smithy/protocol-http": "^5.3.11", "@smithy/smithy-client": "^4.12.3", "@smithy/types": "^4.13.0", "@smithy/url-parser": "^4.2.11", "@smithy/util-base64": "^4.3.2", "@smithy/util-body-length-browser": "^4.2.2", "@smithy/util-body-length-node": "^4.2.3", "@smithy/util-defaults-mode-browser": "^4.3.39", "@smithy/util-defaults-mode-node": "^4.2.42", "@smithy/util-endpoints": "^3.3.2", "@smithy/util-middleware": "^4.2.11", "@smithy/util-retry": "^4.2.11", "@smithy/util-utf8": "^4.2.2", "tslib": "^2.6.2" } }, "sha512-VbG8CUJDqnnrgtWrv4ib7ApQzNbsEOTYKICeNG9On8Noi3VpRIi2IksGyWstpkLRibkE7ZHOPoiyfNk6UYRKDQ=="],

    "@aws-sdk/core": ["@aws-sdk/core@3.973.19", "", { "dependencies": { "@aws-sdk/types": "^3.973.5", "@aws-sdk/xml-builder": "^3.972.10", "@smithy/core": "^3.23.9", "@smithy/node-config-provider": "^4.3.11", "@smithy/property-provider": "^4.2.11", "@smithy/protocol-http": "^5.3.11", "@smithy/signature-v4": "^5.3.11", "@smithy/smithy-client": "^4.12.3", "@smithy/types": "^4.13.0", "@smithy/util-base64": "^4.3.2", "@smithy/util-middleware": "^4.2.11", "@smithy/util-utf8": "^4.2.2", "tslib": "^2.6.2" } }, "sha512-56KePyOcZnKTWCd89oJS1G6j3HZ9Kc+bh/8+EbvtaCCXdP6T7O7NzCiPuHRhFLWnzXIaXX3CxAz0nI5My9spHQ=="],

    "@aws-sdk/credential-provider-env": ["@aws-sdk/credential-provider-env@3.972.17", "", { "dependencies": { "@aws-sdk/core": "^3.973.19", "@aws-sdk/types": "^3.973.5", "@smithy/property-provider": "^4.2.11", "@smithy/types": "^4.13.0", "tslib": "^2.6.2" } }, "sha512-MBAMW6YELzE1SdkOniqr51mrjapQUv8JXSGxtwRjQV0mwVDutVsn22OPAUt4RcLRvdiHQmNBDEFP9iTeSVCOlA=="],

    "@aws-sdk/credential-provider-http": ["@aws-sdk/credential-provider-http@3.972.19", "", { "dependencies": { "@aws-sdk/core": "^3.973.19", "@aws-sdk/types": "^3.973.5", "@smithy/fetch-http-handler": "^5.3.13", "@smithy/node-http-handler": "^4.4.14", "@smithy/property-provider": "^4.2.11", "@smithy/protocol-http": "^5.3.11", "@smithy/smithy-client": "^4.12.3", "@smithy/types": "^4.13.0", "@smithy/util-stream": "^4.5.17", "tslib": "^2.6.2" } }, "sha512-9EJROO8LXll5a7eUFqu48k6BChrtokbmgeMWmsH7lBb6lVbtjslUYz/ShLi+SHkYzTomiGBhmzTW7y+H4BxsnA=="],

    "@aws-sdk/credential-provider-ini": ["@aws-sdk/credential-provider-ini@3.972.18", "", { "dependencies": { "@aws-sdk/core": "^3.973.19", "@aws-sdk/credential-provider-env": "^3.972.17", "@aws-sdk/credential-provider-http": "^3.972.19", "@aws-sdk/credential-provider-login": "^3.972.18", "@aws-sdk/credential-provider-process": "^3.972.17", "@aws-sdk/credential-provider-sso": "^3.972.18", "@aws-sdk/credential-provider-web-identity": "^3.972.18", "@aws-sdk/nested-clients": "^3.996.8", "@aws-sdk/types": "^3.973.5", "@smithy/credential-provider-imds": "^4.2.11", "@smithy/property-provider": "^4.2.11", "@smithy/shared-ini-file-loader": "^4.4.6", "@smithy/types": "^4.13.0", "tslib": "^2.6.2" } }, "sha512-vthIAXJISZnj2576HeyLBj4WTeX+I7PwWeRkbOa0mVX39K13SCGxCgOFuKj2ytm9qTlLOmXe4cdEnroteFtJfw=="],

    "@aws-sdk/credential-provider-login": ["@aws-sdk/credential-provider-login@3.972.18", "", { "dependencies": { "@aws-sdk/core": "^3.973.19", "@aws-sdk/nested-clients": "^3.996.8", "@aws-sdk/types": "^3.973.5", "@smithy/property-provider": "^4.2.11", "@smithy/protocol-http": "^5.3.11", "@smithy/shared-ini-file-loader": "^4.4.6", "@smithy/types": "^4.13.0", "tslib": "^2.6.2" } }, "sha512-kINzc5BBxdYBkPZ0/i1AMPMOk5b5QaFNbYMElVw5QTX13AKj6jcxnv/YNl9oW9mg+Y08ti19hh01HhyEAxsSJQ=="],

    "@aws-sdk/credential-provider-node": ["@aws-sdk/credential-provider-node@3.972.19", "", { "dependencies": { "@aws-sdk/credential-provider-env": "^3.972.17", "@aws-sdk/credential-provider-http": "^3.972.19", "@aws-sdk/credential-provider-ini": "^3.972.18", "@aws-sdk/credential-provider-process": "^3.972.17", "@aws-sdk/credential-provider-sso": "^3.972.18", "@aws-sdk/credential-provider-web-identity": "^3.972.18", "@aws-sdk/types": "^3.973.5", "@smithy/credential-provider-imds": "^4.2.11", "@smithy/property-provider": "^4.2.11", "@smithy/shared-ini-file-loader": "^4.4.6", "@smithy/types": "^4.13.0", "tslib": "^2.6.2" } }, "sha512-yDWQ9dFTr+IMxwanFe7+tbN5++q8psZBjlUwOiCXn1EzANoBgtqBwcpYcHaMGtn0Wlfj4NuXdf2JaEx1lz5RaQ=="],

    "@aws-sdk/credential-provider-process": ["@aws-sdk/credential-provider-process@3.972.17", "", { "dependencies": { "@aws-sdk/core": "^3.973.19", "@aws-sdk/types": "^3.973.5", "@smithy/property-provider": "^4.2.11", "@smithy/shared-ini-file-loader": "^4.4.6", "@smithy/types": "^4.13.0", "tslib": "^2.6.2" } }, "sha512-c8G8wT1axpJDgaP3xzcy+q8Y1fTi9A2eIQJvyhQ9xuXrUZhlCfXbC0vM9bM1CUXiZppFQ1p7g0tuUMvil/gCPg=="],

    "@aws-sdk/credential-provider-sso": ["@aws-sdk/credential-provider-sso@3.972.18", "", { "dependencies": { "@aws-sdk/core": "^3.973.19", "@aws-sdk/nested-clients": "^3.996.8", "@aws-sdk/token-providers": "3.1005.0", "@aws-sdk/types": "^3.973.5", "@smithy/property-provider": "^4.2.11", "@smithy/shared-ini-file-loader": "^4.4.6", "@smithy/types": "^4.13.0", "tslib": "^2.6.2" } }, "sha512-YHYEfj5S2aqInRt5ub8nDOX8vAxgMvd84wm2Y3WVNfFa/53vOv9T7WOAqXI25qjj3uEcV46xxfqdDQk04h5XQA=="],

    "@aws-sdk/credential-provider-web-identity": ["@aws-sdk/credential-provider-web-identity@3.972.18", "", { "dependencies": { "@aws-sdk/core": "^3.973.19", "@aws-sdk/nested-clients": "^3.996.8", "@aws-sdk/types": "^3.973.5", "@smithy/property-provider": "^4.2.11", "@smithy/shared-ini-file-loader": "^4.4.6", "@smithy/types": "^4.13.0", "tslib": "^2.6.2" } }, "sha512-OqlEQpJ+J3T5B96qtC1zLLwkBloechP+fezKbCH0sbd2cCc0Ra55XpxWpk/hRj69xAOYtHvoC4orx6eTa4zU7g=="],

    "@aws-sdk/middleware-host-header": ["@aws-sdk/middleware-host-header@3.972.7", "", { "dependencies": { "@aws-sdk/types": "^3.973.5", "@smithy/protocol-http": "^5.3.11", "@smithy/types": "^4.13.0", "tslib": "^2.6.2" } }, "sha512-aHQZgztBFEpDU1BB00VWCIIm85JjGjQW1OG9+98BdmaOpguJvzmXBGbnAiYcciCd+IS4e9BEq664lhzGnWJHgQ=="],

    "@aws-sdk/middleware-logger": ["@aws-sdk/middleware-logger@3.972.7", "", { "dependencies": { "@aws-sdk/types": "^3.973.5", "@smithy/types": "^4.13.0", "tslib": "^2.6.2" } }, "sha512-LXhiWlWb26txCU1vcI9PneESSeRp/RYY/McuM4SpdrimQR5NgwaPb4VJCadVeuGWgh6QmqZ6rAKSoL1ob16W6w=="],

    "@aws-sdk/middleware-recursion-detection": ["@aws-sdk/middleware-recursion-detection@3.972.7", "", { "dependencies": { "@aws-sdk/types": "^3.973.5", "@aws/lambda-invoke-store": "^0.2.2", "@smithy/protocol-http": "^5.3.11", "@smithy/types": "^4.13.0", "tslib": "^2.6.2" } }, "sha512-l2VQdcBcYLzIzykCHtXlbpiVCZ94/xniLIkAj0jpnpjY4xlgZx7f56Ypn+uV1y3gG0tNVytJqo3K9bfMFee7SQ=="],

    "@aws-sdk/middleware-sdk-sqs": ["@aws-sdk/middleware-sdk-sqs@3.972.14", "", { "dependencies": { "@aws-sdk/types": "^3.973.5", "@smithy/smithy-client": "^4.12.3", "@smithy/types": "^4.13.0", "@smithy/util-hex-encoding": "^4.2.2", "@smithy/util-utf8": "^4.2.2", "tslib": "^2.6.2" } }, "sha512-MmN/j0D3MLkR0cca8/V2GXjGAkcgp1tlrQZZduLb6G+UhfOJuzFW3rSrCeiXTBgiXSIIZ6sc/gsuACpg/5TL1Q=="],

    "@aws-sdk/middleware-user-agent": ["@aws-sdk/middleware-user-agent@3.972.20", "", { "dependencies": { "@aws-sdk/core": "^3.973.19", "@aws-sdk/types": "^3.973.5", "@aws-sdk/util-endpoints": "^3.996.4", "@smithy/core": "^3.23.9", "@smithy/protocol-http": "^5.3.11", "@smithy/types": "^4.13.0", "@smithy/util-retry": "^4.2.11", "tslib": "^2.6.2" } }, "sha512-3kNTLtpUdeahxtnJRnj/oIdLAUdzTfr9N40KtxNhtdrq+Q1RPMdCJINRXq37m4t5+r3H70wgC3opW46OzFcZYA=="],

    "@aws-sdk/nested-clients": ["@aws-sdk/nested-clients@3.996.8", "", { "dependencies": { "@aws-crypto/sha256-browser": "5.2.0", "@aws-crypto/sha256-js": "5.2.0", "@aws-sdk/core": "^3.973.19", "@aws-sdk/middleware-host-header": "^3.972.7", "@aws-sdk/middleware-logger": "^3.972.7", "@aws-sdk/middleware-recursion-detection": "^3.972.7", "@aws-sdk/middleware-user-agent": "^3.972.20", "@aws-sdk/region-config-resolver": "^3.972.7", "@aws-sdk/types": "^3.973.5", "@aws-sdk/util-endpoints": "^3.996.4", "@aws-sdk/util-user-agent-browser": "^3.972.7", "@aws-sdk/util-user-agent-node": "^3.973.5", "@smithy/config-resolver": "^4.4.10", "@smithy/core": "^3.23.9", "@smithy/fetch-http-handler": "^5.3.13", "@smithy/hash-node": "^4.2.11", "@smithy/invalid-dependency": "^4.2.11", "@smithy/middleware-content-length": "^4.2.11", "@smithy/middleware-endpoint": "^4.4.23", "@smithy/middleware-retry": "^4.4.40", "@smithy/middleware-serde": "^4.2.12", "@smithy/middleware-stack": "^4.2.11", "@smithy/node-config-provider": "^4.3.11", "@smithy/node-http-handler": "^4.4.14", "@smithy/protocol-http": "^5.3.11", "@smithy/smithy-client": "^4.12.3", "@smithy/types": "^4.13.0", "@smithy/url-parser": "^4.2.11", "@smithy/util-base64": "^4.3.2", "@smithy/util-body-length-browser": "^4.2.2", "@smithy/util-body-length-node": "^4.2.3", "@smithy/util-defaults-mode-browser": "^4.3.39", "@smithy/util-defaults-mode-node": "^4.2.42", "@smithy/util-endpoints": "^3.3.2", "@smithy/util-middleware": "^4.2.11", "@smithy/util-retry": "^4.2.11", "@smithy/util-utf8": "^4.2.2", "tslib": "^2.6.2" } }, "sha512-6HlLm8ciMW8VzfB80kfIx16PBA9lOa9Dl+dmCBi78JDhvGlx3I7Rorwi5PpVRkL31RprXnYna3yBf6UKkD/PqA=="],

    "@aws-sdk/region-config-resolver": ["@aws-sdk/region-config-resolver@3.972.7", "", { "dependencies": { "@aws-sdk/types": "^3.973.5", "@smithy/config-resolver": "^4.4.10", "@smithy/node-config-provider": "^4.3.11", "@smithy/types": "^4.13.0", "tslib": "^2.6.2" } }, "sha512-/Ev/6AI8bvt4HAAptzSjThGUMjcWaX3GX8oERkB0F0F9x2dLSBdgFDiyrRz3i0u0ZFZFQ1b28is4QhyqXTUsVA=="],

    "@aws-sdk/token-providers": ["@aws-sdk/token-providers@3.1005.0", "", { "dependencies": { "@aws-sdk/core": "^3.973.19", "@aws-sdk/nested-clients": "^3.996.8", "@aws-sdk/types": "^3.973.5", "@smithy/property-provider": "^4.2.11", "@smithy/shared-ini-file-loader": "^4.4.6", "@smithy/types": "^4.13.0", "tslib": "^2.6.2" } }, "sha512-vMxd+ivKqSxU9bHx5vmAlFKDAkjGotFU56IOkDa5DaTu1WWwbcse0yFHEm9I537oVvodaiwMl3VBwgHfzQ2rvw=="],

    "@aws-sdk/types": ["@aws-sdk/types@3.973.5", "", { "dependencies": { "@smithy/types": "^4.13.0", "tslib": "^2.6.2" } }, "sha512-hl7BGwDCWsjH8NkZfx+HgS7H2LyM2lTMAI7ba9c8O0KqdBLTdNJivsHpqjg9rNlAlPyREb6DeDRXUl0s8uFdmQ=="],

    "@aws-sdk/util-endpoints": ["@aws-sdk/util-endpoints@3.996.4", "", { "dependencies": { "@aws-sdk/types": "^3.973.5", "@smithy/types": "^4.13.0", "@smithy/url-parser": "^4.2.11", "@smithy/util-endpoints": "^3.3.2", "tslib": "^2.6.2" } }, "sha512-Hek90FBmd4joCFj+Vc98KLJh73Zqj3s2W56gjAcTkrNLMDI5nIFkG9YpfcJiVI1YlE2Ne1uOQNe+IgQ/Vz2XRA=="],

    "@aws-sdk/util-locate-window": ["@aws-sdk/util-locate-window@3.965.5", "", { "dependencies": { "tslib": "^2.6.2" } }, "sha512-WhlJNNINQB+9qtLtZJcpQdgZw3SCDCpXdUJP7cToGwHbCWCnRckGlc6Bx/OhWwIYFNAn+FIydY8SZ0QmVu3xTQ=="],

    "@aws-sdk/util-user-agent-browser": ["@aws-sdk/util-user-agent-browser@3.972.7", "", { "dependencies": { "@aws-sdk/types": "^3.973.5", "@smithy/types": "^4.13.0", "bowser": "^2.11.0", "tslib": "^2.6.2" } }, "sha512-7SJVuvhKhMF/BkNS1n0QAJYgvEwYbK2QLKBrzDiwQGiTRU6Yf1f3nehTzm/l21xdAOtWSfp2uWSddPnP2ZtsVw=="],

    "@aws-sdk/util-user-agent-node": ["@aws-sdk/util-user-agent-node@3.973.5", "", { "dependencies": { "@aws-sdk/middleware-user-agent": "^3.972.20", "@aws-sdk/types": "^3.973.5", "@smithy/node-config-provider": "^4.3.11", "@smithy/types": "^4.13.0", "tslib": "^2.6.2" }, "peerDependencies": { "aws-crt": ">=1.0.0" }, "optionalPeers": ["aws-crt"] }, "sha512-Dyy38O4GeMk7UQ48RupfHif//gqnOPbq/zlvRssc11E2mClT+aUfc3VS2yD8oLtzqO3RsqQ9I3gOBB4/+HjPOw=="],

    "@aws-sdk/xml-builder": ["@aws-sdk/xml-builder@3.972.10", "", { "dependencies": { "@smithy/types": "^4.13.0", "fast-xml-parser": "5.4.1", "tslib": "^2.6.2" } }, "sha512-OnejAIVD+CxzyAUrVic7lG+3QRltyja9LoNqCE/1YVs8ichoTbJlVSaZ9iSMcnHLyzrSNtvaOGjSDRP+d/ouFA=="],

    "@aws/lambda-invoke-store": ["@aws/lambda-invoke-store@0.2.3", "", {}, "sha512-oLvsaPMTBejkkmHhjf09xTgk71mOqyr/409NKhRIL08If7AhVfUsJhVsx386uJaqNd42v9kWamQ9lFbkoC2dYw=="],

    "@esbuild/aix-ppc64": ["@esbuild/aix-ppc64@0.27.3", "", { "os": "aix", "cpu": "ppc64" }, "sha512-9fJMTNFTWZMh5qwrBItuziu834eOCUcEqymSH7pY+zoMVEZg3gcPuBNxH1EvfVYe9h0x/Ptw8KBzv7qxb7l8dg=="],

    "@esbuild/android-arm": ["@esbuild/android-arm@0.27.3", "", { "os": "android", "cpu": "arm" }, "sha512-i5D1hPY7GIQmXlXhs2w8AWHhenb00+GxjxRncS2ZM7YNVGNfaMxgzSGuO8o8SJzRc/oZwU2bcScvVERk03QhzA=="],

    "@esbuild/android-arm64": ["@esbuild/android-arm64@0.27.3", "", { "os": "android", "cpu": "arm64" }, "sha512-YdghPYUmj/FX2SYKJ0OZxf+iaKgMsKHVPF1MAq/P8WirnSpCStzKJFjOjzsW0QQ7oIAiccHdcqjbHmJxRb/dmg=="],

    "@esbuild/android-x64": ["@esbuild/android-x64@0.27.3", "", { "os": "android", "cpu": "x64" }, "sha512-IN/0BNTkHtk8lkOM8JWAYFg4ORxBkZQf9zXiEOfERX/CzxW3Vg1ewAhU7QSWQpVIzTW+b8Xy+lGzdYXV6UZObQ=="],

    "@esbuild/darwin-arm64": ["@esbuild/darwin-arm64@0.27.3", "", { "os": "darwin", "cpu": "arm64" }, "sha512-Re491k7ByTVRy0t3EKWajdLIr0gz2kKKfzafkth4Q8A5n1xTHrkqZgLLjFEHVD+AXdUGgQMq+Godfq45mGpCKg=="],

    "@esbuild/darwin-x64": ["@esbuild/darwin-x64@0.27.3", "", { "os": "darwin", "cpu": "x64" }, "sha512-vHk/hA7/1AckjGzRqi6wbo+jaShzRowYip6rt6q7VYEDX4LEy1pZfDpdxCBnGtl+A5zq8iXDcyuxwtv3hNtHFg=="],

    "@esbuild/freebsd-arm64": ["@esbuild/freebsd-arm64@0.27.3", "", { "os": "freebsd", "cpu": "arm64" }, "sha512-ipTYM2fjt3kQAYOvo6vcxJx3nBYAzPjgTCk7QEgZG8AUO3ydUhvelmhrbOheMnGOlaSFUoHXB6un+A7q4ygY9w=="],

    "@esbuild/freebsd-x64": ["@esbuild/freebsd-x64@0.27.3", "", { "os": "freebsd", "cpu": "x64" }, "sha512-dDk0X87T7mI6U3K9VjWtHOXqwAMJBNN2r7bejDsc+j03SEjtD9HrOl8gVFByeM0aJksoUuUVU9TBaZa2rgj0oA=="],

    "@esbuild/linux-arm": ["@esbuild/linux-arm@0.27.3", "", { "os": "linux", "cpu": "arm" }, "sha512-s6nPv2QkSupJwLYyfS+gwdirm0ukyTFNl3KTgZEAiJDd+iHZcbTPPcWCcRYH+WlNbwChgH2QkE9NSlNrMT8Gfw=="],

    "@esbuild/linux-arm64": ["@esbuild/linux-arm64@0.27.3", "", { "os": "linux", "cpu": "arm64" }, "sha512-sZOuFz/xWnZ4KH3YfFrKCf1WyPZHakVzTiqji3WDc0BCl2kBwiJLCXpzLzUBLgmp4veFZdvN5ChW4Eq/8Fc2Fg=="],

    "@esbuild/linux-ia32": ["@esbuild/linux-ia32@0.27.3", "", { "os": "linux", "cpu": "ia32" }, "sha512-yGlQYjdxtLdh0a3jHjuwOrxQjOZYD/C9PfdbgJJF3TIZWnm/tMd/RcNiLngiu4iwcBAOezdnSLAwQDPqTmtTYg=="],

    "@esbuild/linux-loong64": ["@esbuild/linux-loong64@0.27.3", "", { "os": "linux", "cpu": "none" }, "sha512-WO60Sn8ly3gtzhyjATDgieJNet/KqsDlX5nRC5Y3oTFcS1l0KWba+SEa9Ja1GfDqSF1z6hif/SkpQJbL63cgOA=="],

    "@esbuild/linux-mips64el": ["@esbuild/linux-mips64el@0.27.3", "", { "os": "linux", "cpu": "none" }, "sha512-APsymYA6sGcZ4pD6k+UxbDjOFSvPWyZhjaiPyl/f79xKxwTnrn5QUnXR5prvetuaSMsb4jgeHewIDCIWljrSxw=="],

    "@esbuild/linux-ppc64": ["@esbuild/linux-ppc64@0.27.3", "", { "os": "linux", "cpu": "ppc64" }, "sha512-eizBnTeBefojtDb9nSh4vvVQ3V9Qf9Df01PfawPcRzJH4gFSgrObw+LveUyDoKU3kxi5+9RJTCWlj4FjYXVPEA=="],

    "@esbuild/linux-riscv64": ["@esbuild/linux-riscv64@0.27.3", "", { "os": "linux", "cpu": "none" }, "sha512-3Emwh0r5wmfm3ssTWRQSyVhbOHvqegUDRd0WhmXKX2mkHJe1SFCMJhagUleMq+Uci34wLSipf8Lagt4LlpRFWQ=="],

    "@esbuild/linux-s390x": ["@esbuild/linux-s390x@0.27.3", "", { "os": "linux", "cpu": "s390x" }, "sha512-pBHUx9LzXWBc7MFIEEL0yD/ZVtNgLytvx60gES28GcWMqil8ElCYR4kvbV2BDqsHOvVDRrOxGySBM9Fcv744hw=="],

    "@esbuild/linux-x64": ["@esbuild/linux-x64@0.27.3", "", { "os": "linux", "cpu": "x64" }, "sha512-Czi8yzXUWIQYAtL/2y6vogER8pvcsOsk5cpwL4Gk5nJqH5UZiVByIY8Eorm5R13gq+DQKYg0+JyQoytLQas4dA=="],

    "@esbuild/netbsd-arm64": ["@esbuild/netbsd-arm64@0.27.3", "", { "os": "none", "cpu": "arm64" }, "sha512-sDpk0RgmTCR/5HguIZa9n9u+HVKf40fbEUt+iTzSnCaGvY9kFP0YKBWZtJaraonFnqef5SlJ8/TiPAxzyS+UoA=="],

    "@esbuild/netbsd-x64": ["@esbuild/netbsd-x64@0.27.3", "", { "os": "none", "cpu": "x64" }, "sha512-P14lFKJl/DdaE00LItAukUdZO5iqNH7+PjoBm+fLQjtxfcfFE20Xf5CrLsmZdq5LFFZzb5JMZ9grUwvtVYzjiA=="],

    "@esbuild/openbsd-arm64": ["@esbuild/openbsd-arm64@0.27.3", "", { "os": "openbsd", "cpu": "arm64" }, "sha512-AIcMP77AvirGbRl/UZFTq5hjXK+2wC7qFRGoHSDrZ5v5b8DK/GYpXW3CPRL53NkvDqb9D+alBiC/dV0Fb7eJcw=="],

    "@esbuild/openbsd-x64": ["@esbuild/openbsd-x64@0.27.3", "", { "os": "openbsd", "cpu": "x64" }, "sha512-DnW2sRrBzA+YnE70LKqnM3P+z8vehfJWHXECbwBmH/CU51z6FiqTQTHFenPlHmo3a8UgpLyH3PT+87OViOh1AQ=="],

    "@esbuild/openharmony-arm64": ["@esbuild/openharmony-arm64@0.27.3", "", { "os": "none", "cpu": "arm64" }, "sha512-NinAEgr/etERPTsZJ7aEZQvvg/A6IsZG/LgZy+81wON2huV7SrK3e63dU0XhyZP4RKGyTm7aOgmQk0bGp0fy2g=="],

    "@esbuild/sunos-x64": ["@esbuild/sunos-x64@0.27.3", "", { "os": "sunos", "cpu": "x64" }, "sha512-PanZ+nEz+eWoBJ8/f8HKxTTD172SKwdXebZ0ndd953gt1HRBbhMsaNqjTyYLGLPdoWHy4zLU7bDVJztF5f3BHA=="],

    "@esbuild/win32-arm64": ["@esbuild/win32-arm64@0.27.3", "", { "os": "win32", "cpu": "arm64" }, "sha512-B2t59lWWYrbRDw/tjiWOuzSsFh1Y/E95ofKz7rIVYSQkUYBjfSgf6oeYPNWHToFRr2zx52JKApIcAS/D5TUBnA=="],

    "@esbuild/win32-ia32": ["@esbuild/win32-ia32@0.27.3", "", { "os": "win32", "cpu": "ia32" }, "sha512-QLKSFeXNS8+tHW7tZpMtjlNb7HKau0QDpwm49u0vUp9y1WOF+PEzkU84y9GqYaAVW8aH8f3GcBck26jh54cX4Q=="],

    "@esbuild/win32-x64": ["@esbuild/win32-x64@0.27.3", "", { "os": "win32", "cpu": "x64" }, "sha512-4uJGhsxuptu3OcpVAzli+/gWusVGwZZHTlS63hh++ehExkVT8SgiEf7/uC/PclrPPkLhZqGgCTjd0VWLo6xMqA=="],

    "@hono/node-server": ["@hono/node-server@1.19.11", "", { "peerDependencies": { "hono": "^4" } }, "sha512-dr8/3zEaB+p0D2n/IUrlPF1HZm586qgJNXK1a9fhg/PzdtkK7Ksd5l312tJX2yBuALqDYBlG20QEbayqPyxn+g=="],

    "@smithy/abort-controller": ["@smithy/abort-controller@4.2.11", "", { "dependencies": { "@smithy/types": "^4.13.0", "tslib": "^2.6.2" } }, "sha512-Hj4WoYWMJnSpM6/kchsm4bUNTL9XiSyhvoMb2KIq4VJzyDt7JpGHUZHkVNPZVC7YE1tf8tPeVauxpFBKGW4/KQ=="],

    "@smithy/config-resolver": ["@smithy/config-resolver@4.4.10", "", { "dependencies": { "@smithy/node-config-provider": "^4.3.11", "@smithy/types": "^4.13.0", "@smithy/util-config-provider": "^4.2.2", "@smithy/util-endpoints": "^3.3.2", "@smithy/util-middleware": "^4.2.11", "tslib": "^2.6.2" } }, "sha512-IRTkd6ps0ru+lTWnfnsbXzW80A8Od8p3pYiZnW98K2Hb20rqfsX7VTlfUwhrcOeSSy68Gn9WBofwPuw3e5CCsg=="],

    "@smithy/core": ["@smithy/core@3.23.9", "", { "dependencies": { "@smithy/middleware-serde": "^4.2.12", "@smithy/protocol-http": "^5.3.11", "@smithy/types": "^4.13.0", "@smithy/util-base64": "^4.3.2", "@smithy/util-body-length-browser": "^4.2.2", "@smithy/util-middleware": "^4.2.11", "@smithy/util-stream": "^4.5.17", "@smithy/util-utf8": "^4.2.2", "@smithy/uuid": "^1.1.2", "tslib": "^2.6.2" } }, "sha512-1Vcut4LEL9HZsdpI0vFiRYIsaoPwZLjAxnVQDUMQK8beMS+EYPLDQCXtbzfxmM5GzSgjfe2Q9M7WaXwIMQllyQ=="],

    "@smithy/credential-provider-imds": ["@smithy/credential-provider-imds@4.2.11", "", { "dependencies": { "@smithy/node-config-provider": "^4.3.11", "@smithy/property-provider": "^4.2.11", "@smithy/types": "^4.13.0", "@smithy/url-parser": "^4.2.11", "tslib": "^2.6.2" } }, "sha512-lBXrS6ku0kTj3xLmsJW0WwqWbGQ6ueooYyp/1L9lkyT0M02C+DWwYwc5aTyXFbRaK38ojALxNixg+LxKSHZc0g=="],

    "@smithy/fetch-http-handler": ["@smithy/fetch-http-handler@5.3.13", "", { "dependencies": { "@smithy/protocol-http": "^5.3.11", "@smithy/querystring-builder": "^4.2.11", "@smithy/types": "^4.13.0", "@smithy/util-base64": "^4.3.2", "tslib": "^2.6.2" } }, "sha512-U2Hcfl2s3XaYjikN9cT4mPu8ybDbImV3baXR0PkVlC0TTx808bRP3FaPGAzPtB8OByI+JqJ1kyS+7GEgae7+qQ=="],

    "@smithy/hash-node": ["@smithy/hash-node@4.2.11", "", { "dependencies": { "@smithy/types": "^4.13.0", "@smithy/util-buffer-from": "^4.2.2", "@smithy/util-utf8": "^4.2.2", "tslib": "^2.6.2" } }, "sha512-T+p1pNynRkydpdL015ruIoyPSRw9e/SQOWmSAMmmprfswMrd5Ow5igOWNVlvyVFZlxXqGmyH3NQwfwy8r5Jx0A=="],

    "@smithy/invalid-dependency": ["@smithy/invalid-dependency@4.2.11", "", { "dependencies": { "@smithy/types": "^4.13.0", "tslib": "^2.6.2" } }, "sha512-cGNMrgykRmddrNhYy1yBdrp5GwIgEkniS7k9O1VLB38yxQtlvrxpZtUVvo6T4cKpeZsriukBuuxfJcdZQc/f/g=="],

    "@smithy/is-array-buffer": ["@smithy/is-array-buffer@4.2.2", "", { "dependencies": { "tslib": "^2.6.2" } }, "sha512-n6rQ4N8Jj4YTQO3YFrlgZuwKodf4zUFs7EJIWH86pSCWBaAtAGBFfCM7Wx6D2bBJ2xqFNxGBSrUWswT3M0VJow=="],

    "@smithy/md5-js": ["@smithy/md5-js@4.2.11", "", { "dependencies": { "@smithy/types": "^4.13.0", "@smithy/util-utf8": "^4.2.2", "tslib": "^2.6.2" } }, "sha512-350X4kGIrty0Snx2OWv7rPM6p6vM7RzryvFs6B/56Cux3w3sChOb3bymo5oidXJlPcP9fIRxGUCk7GqpiSOtng=="],

    "@smithy/middleware-content-length": ["@smithy/middleware-content-length@4.2.11", "", { "dependencies": { "@smithy/protocol-http": "^5.3.11", "@smithy/types": "^4.13.0", "tslib": "^2.6.2" } }, "sha512-UvIfKYAKhCzr4p6jFevPlKhQwyQwlJ6IeKLDhmV1PlYfcW3RL4ROjNEDtSik4NYMi9kDkH7eSwyTP3vNJ/u/Dw=="],

    "@smithy/middleware-endpoint": ["@smithy/middleware-endpoint@4.4.23", "", { "dependencies": { "@smithy/core": "^3.23.9", "@smithy/middleware-serde": "^4.2.12", "@smithy/node-config-provider": "^4.3.11", "@smithy/shared-ini-file-loader": "^4.4.6", "@smithy/types": "^4.13.0", "@smithy/url-parser": "^4.2.11", "@smithy/util-middleware": "^4.2.11", "tslib": "^2.6.2" } }, "sha512-UEFIejZy54T1EJn2aWJ45voB7RP2T+IRzUqocIdM6GFFa5ClZncakYJfcYnoXt3UsQrZZ9ZRauGm77l9UCbBLw=="],

    "@smithy/middleware-retry": ["@smithy/middleware-retry@4.4.40", "", { "dependencies": { "@smithy/node-config-provider": "^4.3.11", "@smithy/protocol-http": "^5.3.11", "@smithy/service-error-classification": "^4.2.11", "@smithy/smithy-client": "^4.12.3", "@smithy/types": "^4.13.0", "@smithy/util-middleware": "^4.2.11", "@smithy/util-retry": "^4.2.11", "@smithy/uuid": "^1.1.2", "tslib": "^2.6.2" } }, "sha512-YhEMakG1Ae57FajERdHNZ4ShOPIY7DsgV+ZoAxo/5BT0KIe+f6DDU2rtIymNNFIj22NJfeeI6LWIifrwM0f+rA=="],

    "@smithy/middleware-serde": ["@smithy/middleware-serde@4.2.12", "", { "dependencies": { "@smithy/protocol-http": "^5.3.11", "@smithy/types": "^4.13.0", "tslib": "^2.6.2" } }, "sha512-W9g1bOLui7Xn5FABRVS0o3rXL0gfN37d/8I/W7i0N7oxjx9QecUmXEMSUMADTODwdtka9cN43t5BI2CodLJpng=="],

    "@smithy/middleware-stack": ["@smithy/middleware-stack@4.2.11", "", { "dependencies": { "@smithy/types": "^4.13.0", "tslib": "^2.6.2" } }, "sha512-s+eenEPW6RgliDk2IhjD2hWOxIx1NKrOHxEwNUaUXxYBxIyCcDfNULZ2Mu15E3kwcJWBedTET/kEASPV1A1Akg=="],

    "@smithy/node-config-provider": ["@smithy/node-config-provider@4.3.11", "", { "dependencies": { "@smithy/property-provider": "^4.2.11", "@smithy/shared-ini-file-loader": "^4.4.6", "@smithy/types": "^4.13.0", "tslib": "^2.6.2" } }, "sha512-xD17eE7kaLgBBGf5CZQ58hh2YmwK1Z0O8YhffwB/De2jsL0U3JklmhVYJ9Uf37OtUDLF2gsW40Xwwag9U869Gg=="],

    "@smithy/node-http-handler": ["@smithy/node-http-handler@4.4.14", "", { "dependencies": { "@smithy/abort-controller": "^4.2.11", "@smithy/protocol-http": "^5.3.11", "@smithy/querystring-builder": "^4.2.11", "@smithy/types": "^4.13.0", "tslib": "^2.6.2" } }, "sha512-DamSqaU8nuk0xTJDrYnRzZndHwwRnyj/n/+RqGGCcBKB4qrQem0mSDiWdupaNWdwxzyMU91qxDmHOCazfhtO3A=="],

    "@smithy/property-provider": ["@smithy/property-provider@4.2.11", "", { "dependencies": { "@smithy/types": "^4.13.0", "tslib": "^2.6.2" } }, "sha512-14T1V64o6/ndyrnl1ze1ZhyLzIeYNN47oF/QU6P5m82AEtyOkMJTb0gO1dPubYjyyKuPD6OSVMPDKe+zioOnCg=="],

    "@smithy/protocol-http": ["@smithy/protocol-http@5.3.11", "", { "dependencies": { "@smithy/types": "^4.13.0", "tslib": "^2.6.2" } }, "sha512-hI+barOVDJBkNt4y0L2mu3Ugc0w7+BpJ2CZuLwXtSltGAAwCb3IvnalGlbDV/UCS6a9ZuT3+exd1WxNdLb5IlQ=="],

    "@smithy/querystring-builder": ["@smithy/querystring-builder@4.2.11", "", { "dependencies": { "@smithy/types": "^4.13.0", "@smithy/util-uri-escape": "^4.2.2", "tslib": "^2.6.2" } }, "sha512-7spdikrYiljpket6u0up2Ck2mxhy7dZ0+TDd+S53Dg2DHd6wg+YNJrTCHiLdgZmEXZKI7LJZcwL3721ZRDFiqA=="],

    "@smithy/querystring-parser": ["@smithy/querystring-parser@4.2.11", "", { "dependencies": { "@smithy/types": "^4.13.0", "tslib": "^2.6.2" } }, "sha512-nE3IRNjDltvGcoThD2abTozI1dkSy8aX+a2N1Rs55en5UsdyyIXgGEmevUL3okZFoJC77JgRGe99xYohhsjivQ=="],

    "@smithy/service-error-classification": ["@smithy/service-error-classification@4.2.11", "", { "dependencies": { "@smithy/types": "^4.13.0" } }, "sha512-HkMFJZJUhzU3HvND1+Yw/kYWXp4RPDLBWLcK1n+Vqw8xn4y2YiBhdww8IxhkQjP/QlZun5bwm3vcHc8AqIU3zw=="],

    "@smithy/shared-ini-file-loader": ["@smithy/shared-ini-file-loader@4.4.6", "", { "dependencies": { "@smithy/types": "^4.13.0", "tslib": "^2.6.2" } }, "sha512-IB/M5I8G0EeXZTHsAxpx51tMQ5R719F3aq+fjEB6VtNcCHDc0ajFDIGDZw+FW9GxtEkgTduiPpjveJdA/CX7sw=="],

    "@smithy/signature-v4": ["@smithy/signature-v4@5.3.11", "", { "dependencies": { "@smithy/is-array-buffer": "^4.2.2", "@smithy/protocol-http": "^5.3.11", "@smithy/types": "^4.13.0", "@smithy/util-hex-encoding": "^4.2.2", "@smithy/util-middleware": "^4.2.11", "@smithy/util-uri-escape": "^4.2.2", "@smithy/util-utf8": "^4.2.2", "tslib": "^2.6.2" } }, "sha512-V1L6N9aKOBAN4wEHLyqjLBnAz13mtILU0SeDrjOaIZEeN6IFa6DxwRt1NNpOdmSpQUfkBj0qeD3m6P77uzMhgQ=="],

    "@smithy/smithy-client": ["@smithy/smithy-client@4.12.3", "", { "dependencies": { "@smithy/core": "^3.23.9", "@smithy/middleware-endpoint": "^4.4.23", "@smithy/middleware-stack": "^4.2.11", "@smithy/protocol-http": "^5.3.11", "@smithy/types": "^4.13.0", "@smithy/util-stream": "^4.5.17", "tslib": "^2.6.2" } }, "sha512-7k4UxjSpHmPN2AxVhvIazRSzFQjWnud3sOsXcFStzagww17j1cFQYqTSiQ8xuYK3vKLR1Ni8FzuT3VlKr3xCNw=="],

    "@smithy/types": ["@smithy/types@4.13.0", "", { "dependencies": { "tslib": "^2.6.2" } }, "sha512-COuLsZILbbQsdrwKQpkkpyep7lCsByxwj7m0Mg5v66/ZTyenlfBc40/QFQ5chO0YN/PNEH1Bi3fGtfXPnYNeDw=="],

    "@smithy/url-parser": ["@smithy/url-parser@4.2.11", "", { "dependencies": { "@smithy/querystring-parser": "^4.2.11", "@smithy/types": "^4.13.0", "tslib": "^2.6.2" } }, "sha512-oTAGGHo8ZYc5VZsBREzuf5lf2pAurJQsccMusVZ85wDkX66ojEc/XauiGjzCj50A61ObFTPe6d7Pyt6UBYaing=="],

    "@smithy/util-base64": ["@smithy/util-base64@4.3.2", "", { "dependencies": { "@smithy/util-buffer-from": "^4.2.2", "@smithy/util-utf8": "^4.2.2", "tslib": "^2.6.2" } }, "sha512-XRH6b0H/5A3SgblmMa5ErXQ2XKhfbQB+Fm/oyLZ2O2kCUrwgg55bU0RekmzAhuwOjA9qdN5VU2BprOvGGUkOOQ=="],

    "@smithy/util-body-length-browser": ["@smithy/util-body-length-browser@4.2.2", "", { "dependencies": { "tslib": "^2.6.2" } }, "sha512-JKCrLNOup3OOgmzeaKQwi4ZCTWlYR5H4Gm1r2uTMVBXoemo1UEghk5vtMi1xSu2ymgKVGW631e2fp9/R610ZjQ=="],

    "@smithy/util-body-length-node": ["@smithy/util-body-length-node@4.2.3", "", { "dependencies": { "tslib": "^2.6.2" } }, "sha512-ZkJGvqBzMHVHE7r/hcuCxlTY8pQr1kMtdsVPs7ex4mMU+EAbcXppfo5NmyxMYi2XU49eqaz56j2gsk4dHHPG/g=="],

    "@smithy/util-buffer-from": ["@smithy/util-buffer-from@4.2.2", "", { "dependencies": { "@smithy/is-array-buffer": "^4.2.2", "tslib": "^2.6.2" } }, "sha512-FDXD7cvUoFWwN6vtQfEta540Y/YBe5JneK3SoZg9bThSoOAC/eGeYEua6RkBgKjGa/sz6Y+DuBZj3+YEY21y4Q=="],

    "@smithy/util-config-provider": ["@smithy/util-config-provider@4.2.2", "", { "dependencies": { "tslib": "^2.6.2" } }, "sha512-dWU03V3XUprJwaUIFVv4iOnS1FC9HnMHDfUrlNDSh4315v0cWyaIErP8KiqGVbf5z+JupoVpNM7ZB3jFiTejvQ=="],

    "@smithy/util-defaults-mode-browser": ["@smithy/util-defaults-mode-browser@4.3.39", "", { "dependencies": { "@smithy/property-provider": "^4.2.11", "@smithy/smithy-client": "^4.12.3", "@smithy/types": "^4.13.0", "tslib": "^2.6.2" } }, "sha512-ui7/Ho/+VHqS7Km2wBw4/Ab4RktoiSshgcgpJzC4keFPs6tLJS4IQwbeahxQS3E/w98uq6E1mirCH/id9xIXeQ=="],

    "@smithy/util-defaults-mode-node": ["@smithy/util-defaults-mode-node@4.2.42", "", { "dependencies": { "@smithy/config-resolver": "^4.4.10", "@smithy/credential-provider-imds": "^4.2.11", "@smithy/node-config-provider": "^4.3.11", "@smithy/property-provider": "^4.2.11", "@smithy/smithy-client": "^4.12.3", "@smithy/types": "^4.13.0", "tslib": "^2.6.2" } }, "sha512-QDA84CWNe8Akpj15ofLO+1N3Rfg8qa2K5uX0y6HnOp4AnRYRgWrKx/xzbYNbVF9ZsyJUYOfcoaN3y93wA/QJ2A=="],

    "@smithy/util-endpoints": ["@smithy/util-endpoints@3.3.2", "", { "dependencies": { "@smithy/node-config-provider": "^4.3.11", "@smithy/types": "^4.13.0", "tslib": "^2.6.2" } }, "sha512-+4HFLpE5u29AbFlTdlKIT7jfOzZ8PDYZKTb3e+AgLz986OYwqTourQ5H+jg79/66DB69Un1+qKecLnkZdAsYcA=="],

    "@smithy/util-hex-encoding": ["@smithy/util-hex-encoding@4.2.2", "", { "dependencies": { "tslib": "^2.6.2" } }, "sha512-Qcz3W5vuHK4sLQdyT93k/rfrUwdJ8/HZ+nMUOyGdpeGA1Wxt65zYwi3oEl9kOM+RswvYq90fzkNDahPS8K0OIg=="],

    "@smithy/util-middleware": ["@smithy/util-middleware@4.2.11", "", { "dependencies": { "@smithy/types": "^4.13.0", "tslib": "^2.6.2" } }, "sha512-r3dtF9F+TpSZUxpOVVtPfk09Rlo4lT6ORBqEvX3IBT6SkQAdDSVKR5GcfmZbtl7WKhKnmb3wbDTQ6ibR2XHClw=="],

    "@smithy/util-retry": ["@smithy/util-retry@4.2.11", "", { "dependencies": { "@smithy/service-error-classification": "^4.2.11", "@smithy/types": "^4.13.0", "tslib": "^2.6.2" } }, "sha512-XSZULmL5x6aCTTii59wJqKsY1l3eMIAomRAccW7Tzh9r8s7T/7rdo03oektuH5jeYRlJMPcNP92EuRDvk9aXbw=="],

    "@smithy/util-stream": ["@smithy/util-stream@4.5.17", "", { "dependencies": { "@smithy/fetch-http-handler": "^5.3.13", "@smithy/node-http-handler": "^4.4.14", "@smithy/types": "^4.13.0", "@smithy/util-base64": "^4.3.2", "@smithy/util-buffer-from": "^4.2.2", "@smithy/util-hex-encoding": "^4.2.2", "@smithy/util-utf8": "^4.2.2", "tslib": "^2.6.2" } }, "sha512-793BYZ4h2JAQkNHcEnyFxDTcZbm9bVybD0UV/LEWmZ5bkTms7JqjfrLMi2Qy0E5WFcCzLwCAPgcvcvxoeALbAQ=="],

    "@smithy/util-uri-escape": ["@smithy/util-uri-escape@4.2.2", "", { "dependencies": { "tslib": "^2.6.2" } }, "sha512-2kAStBlvq+lTXHyAZYfJRb/DfS3rsinLiwb+69SstC9Vb0s9vNWkRwpnj918Pfi85mzi42sOqdV72OLxWAISnw=="],

    "@smithy/util-utf8": ["@smithy/util-utf8@4.2.2", "", { "dependencies": { "@smithy/util-buffer-from": "^4.2.2", "tslib": "^2.6.2" } }, "sha512-75MeYpjdWRe8M5E3AW0O4Cx3UadweS+cwdXjwYGBW5h/gxxnbeZ877sLPX/ZJA9GVTlL/qG0dXP29JWFCD1Ayw=="],

    "@smithy/uuid": ["@smithy/uuid@1.1.2", "", { "dependencies": { "tslib": "^2.6.2" } }, "sha512-O/IEdcCUKkubz60tFbGA7ceITTAJsty+lBjNoorP4Z6XRqaFb/OjQjZODophEcuq68nKm6/0r+6/lLQ+XVpk8g=="],

    "@types/node": ["@types/node@22.19.15", "", { "dependencies": { "undici-types": "~6.21.0" } }, "sha512-F0R/h2+dsy5wJAUe3tAU6oqa2qbWY5TpNfL/RGmo1y38hiyO1w3x2jPtt76wmuaJI4DQnOBu21cNXQ2STIUUWg=="],

    "bowser": ["bowser@2.14.1", "", {}, "sha512-tzPjzCxygAKWFOJP011oxFHs57HzIhOEracIgAePE4pqB3LikALKnSzUyU4MGs9/iCEUuHlAJTjTc5M+u7YEGg=="],

    "esbuild": ["esbuild@0.27.3", "", { "optionalDependencies": { "@esbuild/aix-ppc64": "0.27.3", "@esbuild/android-arm": "0.27.3", "@esbuild/android-arm64": "0.27.3", "@esbuild/android-x64": "0.27.3", "@esbuild/darwin-arm64": "0.27.3", "@esbuild/darwin-x64": "0.27.3", "@esbuild/freebsd-arm64": "0.27.3", "@esbuild/freebsd-x64": "0.27.3", "@esbuild/linux-arm": "0.27.3", "@esbuild/linux-arm64": "0.27.3", "@esbuild/linux-ia32": "0.27.3", "@esbuild/linux-loong64": "0.27.3", "@esbuild/linux-mips64el": "0.27.3", "@esbuild/linux-ppc64": "0.27.3", "@esbuild/linux-riscv64": "0.27.3", "@esbuild/linux-s390x": "0.27.3", "@esbuild/linux-x64": "0.27.3", "@esbuild/netbsd-arm64": "0.27.3", "@esbuild/netbsd-x64": "0.27.3", "@esbuild/openbsd-arm64": "0.27.3", "@esbuild/openbsd-x64": "0.27.3", "@esbuild/openharmony-arm64": "0.27.3", "@esbuild/sunos-x64": "0.27.3", "@esbuild/win32-arm64": "0.27.3", "@esbuild/win32-ia32": "0.27.3", "@esbuild/win32-x64": "0.27.3" }, "bin": { "esbuild": "bin/esbuild" } }, "sha512-8VwMnyGCONIs6cWue2IdpHxHnAjzxnw2Zr7MkVxB2vjmQ2ivqGFb4LEG3SMnv0Gb2F/G/2yA8zUaiL1gywDCCg=="],

    "fast-xml-builder": ["fast-xml-builder@1.1.0", "", { "dependencies": { "path-expression-matcher": "^1.1.2" } }, "sha512-7mtITW/we2/wTUZqMyBOR2F8xP4CRxMiSEcQxPIqdRWdO2L/HZSOlzoNyghmyDwNB8BDxePooV1ZTJpkOUhdRg=="],

    "fast-xml-parser": ["fast-xml-parser@5.4.1", "", { "dependencies": { "fast-xml-builder": "^1.0.0", "strnum": "^2.1.2" }, "bin": { "fxparser": "src/cli/cli.js" } }, "sha512-BQ30U1mKkvXQXXkAGcuyUA/GA26oEB7NzOtsxCDtyu62sjGw5QraKFhx2Em3WQNjPw9PG6MQ9yuIIgkSDfGu5A=="],

    "fsevents": ["fsevents@2.3.3", "", { "os": "darwin" }, "sha512-5xoDfX+fL7faATnagmWPpbFtwh/R77WmMMqqHGS65C3vvB0YHrgF+B1YmZ3441tMj5n63k0212XNoJwzlhffQw=="],

    "get-tsconfig": ["get-tsconfig@4.13.6", "", { "dependencies": { "resolve-pkg-maps": "^1.0.0" } }, "sha512-shZT/QMiSHc/YBLxxOkMtgSid5HFoauqCE3/exfsEcwg1WkeqjG+V40yBbBrsD+jW2HDXcs28xOfcbm2jI8Ddw=="],

    "hono": ["hono@4.12.7", "", {}, "sha512-jq9l1DM0zVIvsm3lv9Nw9nlJnMNPOcAtsbsgiUhWcFzPE99Gvo6yRTlszSLLYacMeQ6quHD6hMfId8crVHvexw=="],

    "path-expression-matcher": ["path-expression-matcher@1.1.2", "", {}, "sha512-LXWqJmcpp2BKOEmgt4CyuESFmBfPuhJlAHKJsFzuJU6CxErWk75BrO+Ni77M9OxHN6dCYKM4vj+21Z6cOL96YQ=="],

    "resolve-pkg-maps": ["resolve-pkg-maps@1.0.0", "", {}, "sha512-seS2Tj26TBVOC2NIc2rOe2y2ZO7efxITtLZcGSOnHHNOQ7CkiUBfw0Iw2ck6xkIhPwLhKNLS8BO+hEpngQlqzw=="],

    "strnum": ["strnum@2.2.0", "", {}, "sha512-Y7Bj8XyJxnPAORMZj/xltsfo55uOiyHcU2tnAVzHUnSJR/KsEX+9RoDeXEnsXtl/CX4fAcrt64gZ13aGaWPeBg=="],

    "tslib": ["tslib@2.8.1", "", {}, "sha512-oJFu94HQb+KVduSUQL7wnpmqnfmLsOA/nAh6b6EH0wCEoK0/mPeXU6c3wKDV83MkOuHPRHtSXKKU99IBazS/2w=="],

    "tsx": ["tsx@4.21.0", "", { "dependencies": { "esbuild": "~0.27.0", "get-tsconfig": "^4.7.5" }, "optionalDependencies": { "fsevents": "~2.3.3" }, "bin": { "tsx": "dist/cli.mjs" } }, "sha512-5C1sg4USs1lfG0GFb2RLXsdpXqBSEhAaA/0kPL01wxzpMqLILNxIxIOKiILz+cdg/pLnOUxFYOR5yhHU666wbw=="],

    "typescript": ["typescript@5.9.3", "", { "bin": { "tsc": "bin/tsc", "tsserver": "bin/tsserver" } }, "sha512-jl1vZzPDinLr9eUt3J/t7V6FgNEw9QjvBPdysz9KfQDD41fQrC2Y4vKQdiaUpFT4bXlb1RHhLpp8wtm6M5TgSw=="],

    "undici-types": ["undici-types@6.21.0", "", {}, "sha512-iwDZqg0QAGrg9Rav5H4n0M64c3mkR59cJ6wQp+7C4nI0gsmExaedaYLNO44eT4AtBBwjbTiGPMlt2Md0T9H9JQ=="],

    "@aws-crypto/sha256-browser/@smithy/util-utf8": ["@smithy/util-utf8@2.3.0", "", { "dependencies": { "@smithy/util-buffer-from": "^2.2.0", "tslib": "^2.6.2" } }, "sha512-R8Rdn8Hy72KKcebgLiv8jQcQkXoLMOGGv5uI1/k0l+snqkOzQ1R0ChUBCxWMlBsFMekWjq0wRudIweFs7sKT5A=="],

    "@aws-crypto/util/@smithy/util-utf8": ["@smithy/util-utf8@2.3.0", "", { "dependencies": { "@smithy/util-buffer-from": "^2.2.0", "tslib": "^2.6.2" } }, "sha512-R8Rdn8Hy72KKcebgLiv8jQcQkXoLMOGGv5uI1/k0l+snqkOzQ1R0ChUBCxWMlBsFMekWjq0wRudIweFs7sKT5A=="],

    "@aws-crypto/sha256-browser/@smithy/util-utf8/@smithy/util-buffer-from": ["@smithy/util-buffer-from@2.2.0", "", { "dependencies": { "@smithy/is-array-buffer": "^2.2.0", "tslib": "^2.6.2" } }, "sha512-IJdWBbTcMQ6DA0gdNhh/BwrLkDR+ADW5Kr1aZmd4k3DIF6ezMV4R2NIAmT08wQJ3yUK82thHWmC/TnK/wpMMIA=="],

    "@aws-crypto/util/@smithy/util-utf8/@smithy/util-buffer-from": ["@smithy/util-buffer-from@2.2.0", "", { "dependencies": { "@smithy/is-array-buffer": "^2.2.0", "tslib": "^2.6.2" } }, "sha512-IJdWBbTcMQ6DA0gdNhh/BwrLkDR+ADW5Kr1aZmd4k3DIF6ezMV4R2NIAmT08wQJ3yUK82thHWmC/TnK/wpMMIA=="],

    "@aws-crypto/sha256-browser/@smithy/util-utf8/@smithy/util-buffer-from/@smithy/is-array-buffer": ["@smithy/is-array-buffer@2.2.0", "", { "dependencies": { "tslib": "^2.6.2" } }, "sha512-GGP3O9QFD24uGeAXYUjwSTXARoqpZykHadOmA8G5vfJPK0/DC67qa//0qvqrJzL1xc8WQWX7/yc7fwudjPHPhA=="],

    "@aws-crypto/util/@smithy/util-utf8/@smithy/util-buffer-from/@smithy/is-array-buffer": ["@smithy/is-array-buffer@2.2.0", "", { "dependencies": { "tslib": "^2.6.2" } }, "sha512-GGP3O9QFD24uGeAXYUjwSTXARoqpZykHadOmA8G5vfJPK0/DC67qa//0qvqrJzL1xc8WQWX7/yc7fwudjPHPhA=="],
  }
}
